{
  "nodes": {
    "mk-configure": {
      "locked": {
        "path": "./mk-configure/",
        "type": "path"
      },
      "original": {
        "path": "./mk-configure/",
        "type": "path"
      },
      "parent": []
    },
    "nixpkgs": {
      "locked": {
        "lastModified": 1767313136,
        "narHash": "sha256-16KkgfdYqjaeRGBaYsNrhPRRENs0qzkQVUooNHtoy2w=",
        "owner": "NixOS",
        "repo": "nixpkgs",
        "rev": "ac62194c3917d5f474c1a844b6fd6da2db95077d",
        "type": "github"
      },
      "original": {
        "owner": "NixOS",
        "ref": "nixos-25.05",
        "repo": "nixpkgs",
        "type": "github"
      }
    },
    "nixpkgs-24-11": {
      "locked": {
        "lastModified": 1751274312,
        "narHash": "sha256-/bVBlRpECLVzjV19t5KMdMFWSwKLtb5RyXdjz3LJT+g=",
        "owner": "NixOS",
        "repo": "nixpkgs",
        "rev": "50ab793786d9de88ee30ec4e4c24fb4236fc2674",
        "type": "github"
      },
      "original": {
        "owner": "NixOS",
        "ref": "nixos-24.11",
        "repo": "nixpkgs",
        "type": "github"
      }
    },
    "root": {
      "inputs": {
        "mk-configure": "mk-configure",
        "nixpkgs": "nixpkgs",
        "nixpkgs-24-11": "nixpkgs-24-11",
        "suckless-modules": "suckless-modules"
      }
    },
    "suckless-modules": {
      "locked": {
        "lastModified": 1772515139,
        "narHash": "sha256-x9CfBYfBAhg75ym+GNoY3CSU1UR59KdAV+DXxFBE5Mw=",
        "owner": "20Finger-Squared",
        "repo": "suckless-nixos-modules",
        "rev": "808295c21c6e7e25701d536e630b869d7f7e0136",
        "type": "github"
      },
      "original": {
        "owner": "20Finger-Squared",
        "repo": "suckless-nixos-modules",
        "type": "github"
      }
    }
  },
  "root": "root",
  "version": 7
}
